
Microsoft Visual Studio Solution File, Format Version 12.00
# Visual Studio Version 16
VisualStudioVersion = 16.0.29613.14
MinimumVisualStudioVersion = 10.0.40219.1
Project("{FAE04EC0-301F-11D3-BF4B-00C04F79EFBC}") = "PerformanceAnalysisExample", "PerformanceAnalysisExample.csproj", "{015FC44E-B5F0-4EC5-9036-4D2CC07EDED1}"
EndProject
Global
	GlobalSection(SolutionConfigurationPlatforms) = preSolution
		Debug|Any CPU = Debug|Any CPU
		Release|Any CPU = Release|Any CPU
	EndGlobalSection
	GlobalSection(ProjectConfigurationPlatforms) = postSolution
		{015FC44E-B5F0-4EC5-9036-4D2CC07EDED1}.Debug|Any CPU.ActiveCfg = Debug|Any CPU
		{015FC44E-B5F0-4EC5-9036-4D2CC07EDED1}.Debug|Any CPU.Build.0 = Debug|Any CPU
		{015FC44E-B5F0-4EC5-9036-4D2CC07EDED1}.Release|Any CPU.ActiveCfg = Release|Any CPU
		{015FC44E-B5F0-4EC5-9036-4D2CC07EDED1}.Release|Any CPU.Build.0 = Release|Any CPU
	EndGlobalSection
	GlobalSection(SolutionProperties) = preSolution
		HideSolutionNode = FALSE
	EndGlobalSection
	GlobalSection(ExtensibilityGlobals) = postSolution
		SolutionGuid = {505BCEA9-A74F-475F-B964-2A3F73F3596A}
	EndGlobalSection
EndGlobal
